PODS:
  - Alamofire (4.4.0)
  - AttributedTextView (0.5.0)
  - Bolts (1.8.4):
    - Bolts/AppLinks (= 1.8.4)
    - Bolts/Tasks (= 1.8.4)
  - Bolts/AppLinks (1.8.4):
    - Bolts/Tasks
  - Bolts/Tasks (1.8.4)
  - Bond (6.0.4):
    - Diff (~> 0.4)
    - ReactiveKit (~> 3.3)
  - Diff (0.5.0)
  - DropDown (2)
  - EVReflection (4.5.0):
    - EVReflection/Core (= 4.5.0)
  - EVReflection/Core (4.5.0)
  - FBSDKCoreKit (4.20.0):
    - Bolts (~> 1.7)
  - FBSDKLoginKit (4.20.0):
    - FBSDKCoreKit
  - FBSDKMessengerShareKit (1.3.2)
  - FBSDKShareKit (4.20.0):
    - FBSDKCoreKit
  - HCSStarRatingView (1.4.5)
  - IBAnimatable (3.1.3)
  - ImageSlideshow (1.1.0):
    - ImageSlideshow/Core (= 1.1.0)
  - ImageSlideshow/Core (1.1.0)
  - ImageSlideshow/Kingfisher (1.1.0):
    - ImageSlideshow/Core
    - Kingfisher (~> 3.0)
  - Kingfisher (3.5.2)
  - NVActivityIndicatorView (3.5.1)
  - PopupController (0.2.0)
  - ReactiveKit (3.3.1)
  - SwiftDate (4.0.13)
  - SwiftMessages (3.2.1)
  - TPKeyboardAvoiding (1.3.1)

DEPENDENCIES:
  - Alamofire
  - AttributedTextView
  - Bond
  - DropDown
  - EVReflection
  - FBSDKCoreKit
  - FBSDKLoginKit
  - FBSDKMessengerShareKit
  - FBSDKShareKit
  - HCSStarRatingView
  - IBAnimatable
  - ImageSlideshow
  - ImageSlideshow/Kingfisher
  - Kingfisher
  - NVActivityIndicatorView
  - PopupController
  - SwiftDate
  - SwiftMessages
  - TPKeyboardAvoiding

SPEC CHECKSUMS:
  Alamofire: dc44b1600b800eb63da6a19039a0083d62a6a62d
  AttributedTextView: f13dac6daed4800f5e0d4f9e4e6add92e93aa397
  Bolts: 8a7995239dbe724f9cba2248b766d48b7ebdd322
  Bond: bc982d559e9c7fe30f50c29bbb5396ded9529699
  Diff: eceb93a3adf508574ba9b8560da185ace83de055
  DropDown: 744784d9c9aa505100e942c16acd05430cbb2f0a
  EVReflection: f3ef628809585feefa72bf6a8b1ffd3a7a619bdb
  FBSDKCoreKit: 2d16979b28fe28c2b95af0d275ad5f9703c6c8de
  FBSDKLoginKit: a9d9391506c687e2304a590bf9312837fce7f375
  FBSDKMessengerShareKit: 41c0b1a667d685c9433f993eb9611b3d5074e1cb
  FBSDKShareKit: 1b91af62a603d67f392bc7fde63bc4a0705dde31
  HCSStarRatingView: bff3f89314d3b5013ce826ea11897d3129ff6b8c
  IBAnimatable: ad640d47659cbbfa4cf88a127fdc663b2ec4c66a
  ImageSlideshow: 99addbef1b718272598a07036270e819d03abc17
  Kingfisher: 9950e382c500b6834ce004c7c4131c444e90c3a1
  NVActivityIndicatorView: 075563b3547445ebcff840e3297ce9dd4a23731f
  PopupController: 0b69fdf11cbeaa807789a8c3992599083640988f
  ReactiveKit: 27df79c2e2f0771aef1061551fcd7e82b92066e9
  SwiftDate: 8ec416bb1b5129d1f35e8efaed720421f41d42df
  SwiftMessages: d114d273978678c0dce036f30273865af7303a35
  TPKeyboardAvoiding: 0d6af20e95e2850f4c621841225b59ec7d8dd852

PODFILE CHECKSUM: 7166921c4320899deb35d6d0c884937dc8059a07

COCOAPODS: 1.1.1
